
Microsoft Visual Studio Solution File, Format Version 12.00
# Visual Studio Version 17
VisualStudioVersion = 17.2.32630.192
MinimumVisualStudioVersion = 10.0.40219.1
Project("{FAE04EC0-301F-11D3-BF4B-00C04F79EFBC}") = "CodeZ", "CodeZ\CodeZ.csproj", "{5926271C-4749-4B39-869C-24D5D762A37E}"
EndProject
Global
	GlobalSection(SolutionConfigurationPlatforms) = preSolution
		Debug|Any CPU = Debug|Any CPU
		Release|Any CPU = Release|Any CPU
	EndGlobalSection
	GlobalSection(ProjectConfigurationPlatforms) = postSolution
		{5926271C-4749-4B39-869C-24D5D762A37E}.Debug|Any CPU.ActiveCfg = Debug|Any CPU
		{5926271C-4749-4B39-869C-24D5D762A37E}.Debug|Any CPU.Build.0 = Debug|Any CPU
		{5926271C-4749-4B39-869C-24D5D762A37E}.Release|Any CPU.ActiveCfg = Release|Any CPU
		{5926271C-4749-4B39-869C-24D5D762A37E}.Release|Any CPU.Build.0 = Release|Any CPU
	EndGlobalSection
	GlobalSection(SolutionProperties) = preSolution
		HideSolutionNode = FALSE
	EndGlobalSection
	GlobalSection(ExtensibilityGlobals) = postSolution
		SolutionGuid = {01F6C4A6-4D5A-48DC-8166-0BC0BCD642FC}
	EndGlobalSection
EndGlobal
